
Microsoft Visual Studio Solution File, Format Version 12.00
# Visual Studio Version 16
VisualStudioVersion = 16.0.31624.102
MinimumVisualStudioVersion = 10.0.40219.1
Project("{FAE04EC0-301F-11D3-BF4B-00C04F79EFBC}") = "Course", "Course\Course.csproj", "{DC50550D-F261-4155-B889-C5B80788C6DC}"
EndProject
Global
	GlobalSection(SolutionConfigurationPlatforms) = preSolution
		Debug|Any CPU = Debug|Any CPU
		Release|Any CPU = Release|Any CPU
	EndGlobalSection
	GlobalSection(ProjectConfigurationPlatforms) = postSolution
		{DC50550D-F261-4155-B889-C5B80788C6DC}.Debug|Any CPU.ActiveCfg = Debug|Any CPU
		{DC50550D-F261-4155-B889-C5B80788C6DC}.Debug|Any CPU.Build.0 = Debug|Any CPU
		{DC50550D-F261-4155-B889-C5B80788C6DC}.Release|Any CPU.ActiveCfg = Release|Any CPU
		{DC50550D-F261-4155-B889-C5B80788C6DC}.Release|Any CPU.Build.0 = Release|Any CPU
	EndGlobalSection
	GlobalSection(SolutionProperties) = preSolution
		HideSolutionNode = FALSE
	EndGlobalSection
	GlobalSection(ExtensibilityGlobals) = postSolution
		SolutionGuid = {3A1F4895-018F-472B-863F-8DC372ED084B}
	EndGlobalSection
EndGlobal
