
Microsoft Visual Studio Solution File, Format Version 12.00
# Visual Studio Version 16
VisualStudioVersion = 16.0.30907.101
MinimumVisualStudioVersion = 10.0.40219.1
Project("{FAE04EC0-301F-11D3-BF4B-00C04F79EFBC}") = "Teste", "Teste\Teste.csproj", "{0EDB0CCC-2608-441F-A573-55EBD5B07BFF}"
EndProject
Global
	GlobalSection(SolutionConfigurationPlatforms) = preSolution
		Debug|Any CPU = Debug|Any CPU
		Release|Any CPU = Release|Any CPU
	EndGlobalSection
	GlobalSection(ProjectConfigurationPlatforms) = postSolution
		{0EDB0CCC-2608-441F-A573-55EBD5B07BFF}.Debug|Any CPU.ActiveCfg = Debug|Any CPU
		{0EDB0CCC-2608-441F-A573-55EBD5B07BFF}.Debug|Any CPU.Build.0 = Debug|Any CPU
		{0EDB0CCC-2608-441F-A573-55EBD5B07BFF}.Release|Any CPU.ActiveCfg = Release|Any CPU
		{0EDB0CCC-2608-441F-A573-55EBD5B07BFF}.Release|Any CPU.Build.0 = Release|Any CPU
	EndGlobalSection
	GlobalSection(SolutionProperties) = preSolution
		HideSolutionNode = FALSE
	EndGlobalSection
	GlobalSection(ExtensibilityGlobals) = postSolution
		SolutionGuid = {38D6997F-B9FC-428A-B53B-FF223E616900}
	EndGlobalSection
EndGlobal
