
Microsoft Visual Studio Solution File, Format Version 12.00
# Visual Studio Version 16
VisualStudioVersion = 16.0.31624.102
MinimumVisualStudioVersion = 10.0.40219.1
Project("{FAE04EC0-301F-11D3-BF4B-00C04F79EFBC}") = "Course", "Course\Course.csproj", "{CA00BDF9-D282-4277-8F89-91EAEDB92AF2}"
EndProject
Global
	GlobalSection(SolutionConfigurationPlatforms) = preSolution
		Debug|Any CPU = Debug|Any CPU
		Release|Any CPU = Release|Any CPU
	EndGlobalSection
	GlobalSection(ProjectConfigurationPlatforms) = postSolution
		{CA00BDF9-D282-4277-8F89-91EAEDB92AF2}.Debug|Any CPU.ActiveCfg = Debug|Any CPU
		{CA00BDF9-D282-4277-8F89-91EAEDB92AF2}.Debug|Any CPU.Build.0 = Debug|Any CPU
		{CA00BDF9-D282-4277-8F89-91EAEDB92AF2}.Release|Any CPU.ActiveCfg = Release|Any CPU
		{CA00BDF9-D282-4277-8F89-91EAEDB92AF2}.Release|Any CPU.Build.0 = Release|Any CPU
	EndGlobalSection
	GlobalSection(SolutionProperties) = preSolution
		HideSolutionNode = FALSE
	EndGlobalSection
	GlobalSection(ExtensibilityGlobals) = postSolution
		SolutionGuid = {1687C51D-D7CC-4188-A752-9859DEA7C24B}
	EndGlobalSection
EndGlobal
