
Microsoft Visual Studio Solution File, Format Version 12.00
# Visual Studio Version 16
VisualStudioVersion = 16.0.30907.101
MinimumVisualStudioVersion = 10.0.40219.1
Project("{FAE04EC0-301F-11D3-BF4B-00C04F79EFBC}") = "TimeSpanOperators", "TimeSpanOperators\TimeSpanOperators.csproj", "{55479FBC-7A97-482D-8B0F-5BB6ED415677}"
EndProject
Global
	GlobalSection(SolutionConfigurationPlatforms) = preSolution
		Debug|Any CPU = Debug|Any CPU
		Release|Any CPU = Release|Any CPU
	EndGlobalSection
	GlobalSection(ProjectConfigurationPlatforms) = postSolution
		{55479FBC-7A97-482D-8B0F-5BB6ED415677}.Debug|Any CPU.ActiveCfg = Debug|Any CPU
		{55479FBC-7A97-482D-8B0F-5BB6ED415677}.Debug|Any CPU.Build.0 = Debug|Any CPU
		{55479FBC-7A97-482D-8B0F-5BB6ED415677}.Release|Any CPU.ActiveCfg = Release|Any CPU
		{55479FBC-7A97-482D-8B0F-5BB6ED415677}.Release|Any CPU.Build.0 = Release|Any CPU
	EndGlobalSection
	GlobalSection(SolutionProperties) = preSolution
		HideSolutionNode = FALSE
	EndGlobalSection
	GlobalSection(ExtensibilityGlobals) = postSolution
		SolutionGuid = {EAE1427C-CCDE-4472-AAAE-721F21F104D1}
	EndGlobalSection
EndGlobal
