
Microsoft Visual Studio Solution File, Format Version 12.00
# Visual Studio Version 16
VisualStudioVersion = 16.0.30907.101
MinimumVisualStudioVersion = 10.0.40219.1
Project("{FAE04EC0-301F-11D3-BF4B-00C04F79EFBC}") = "Retangulos", "Retangulos\Retangulos.csproj", "{FAD4662F-651F-4FF3-8EE7-D38EC65F1B95}"
EndProject
Global
	GlobalSection(SolutionConfigurationPlatforms) = preSolution
		Debug|Any CPU = Debug|Any CPU
		Release|Any CPU = Release|Any CPU
	EndGlobalSection
	GlobalSection(ProjectConfigurationPlatforms) = postSolution
		{FAD4662F-651F-4FF3-8EE7-D38EC65F1B95}.Debug|Any CPU.ActiveCfg = Debug|Any CPU
		{FAD4662F-651F-4FF3-8EE7-D38EC65F1B95}.Debug|Any CPU.Build.0 = Debug|Any CPU
		{FAD4662F-651F-4FF3-8EE7-D38EC65F1B95}.Release|Any CPU.ActiveCfg = Release|Any CPU
		{FAD4662F-651F-4FF3-8EE7-D38EC65F1B95}.Release|Any CPU.Build.0 = Release|Any CPU
	EndGlobalSection
	GlobalSection(SolutionProperties) = preSolution
		HideSolutionNode = FALSE
	EndGlobalSection
	GlobalSection(ExtensibilityGlobals) = postSolution
		SolutionGuid = {0B81B61B-3A64-402B-827B-79AEAD759F1A}
	EndGlobalSection
EndGlobal
