
Microsoft Visual Studio Solution File, Format Version 12.00
# Visual Studio Version 16
VisualStudioVersion = 16.0.30907.101
MinimumVisualStudioVersion = 10.0.40219.1
Project("{FAE04EC0-301F-11D3-BF4B-00C04F79EFBC}") = "Test", "Test\Test.csproj", "{BCBD6FA5-0D7E-4AC7-AA0F-3A18F5F9D053}"
EndProject
Global
	GlobalSection(SolutionConfigurationPlatforms) = preSolution
		Debug|Any CPU = Debug|Any CPU
		Release|Any CPU = Release|Any CPU
	EndGlobalSection
	GlobalSection(ProjectConfigurationPlatforms) = postSolution
		{BCBD6FA5-0D7E-4AC7-AA0F-3A18F5F9D053}.Debug|Any CPU.ActiveCfg = Debug|Any CPU
		{BCBD6FA5-0D7E-4AC7-AA0F-3A18F5F9D053}.Debug|Any CPU.Build.0 = Debug|Any CPU
		{BCBD6FA5-0D7E-4AC7-AA0F-3A18F5F9D053}.Release|Any CPU.ActiveCfg = Release|Any CPU
		{BCBD6FA5-0D7E-4AC7-AA0F-3A18F5F9D053}.Release|Any CPU.Build.0 = Release|Any CPU
	EndGlobalSection
	GlobalSection(SolutionProperties) = preSolution
		HideSolutionNode = FALSE
	EndGlobalSection
	GlobalSection(ExtensibilityGlobals) = postSolution
		SolutionGuid = {5D43770D-8611-4424-BE50-82BEE083B152}
	EndGlobalSection
EndGlobal
