
Microsoft Visual Studio Solution File, Format Version 12.00
# Visual Studio Version 16
VisualStudioVersion = 16.0.30907.101
MinimumVisualStudioVersion = 10.0.40219.1
Project("{FAE04EC0-301F-11D3-BF4B-00C04F79EFBC}") = "CalculoSalario", "CalculoSalario\CalculoSalario.csproj", "{5353DCD2-418D-4BC3-9D02-D5EAD6002890}"
EndProject
Global
	GlobalSection(SolutionConfigurationPlatforms) = preSolution
		Debug|Any CPU = Debug|Any CPU
		Release|Any CPU = Release|Any CPU
	EndGlobalSection
	GlobalSection(ProjectConfigurationPlatforms) = postSolution
		{5353DCD2-418D-4BC3-9D02-D5EAD6002890}.Debug|Any CPU.ActiveCfg = Debug|Any CPU
		{5353DCD2-418D-4BC3-9D02-D5EAD6002890}.Debug|Any CPU.Build.0 = Debug|Any CPU
		{5353DCD2-418D-4BC3-9D02-D5EAD6002890}.Release|Any CPU.ActiveCfg = Release|Any CPU
		{5353DCD2-418D-4BC3-9D02-D5EAD6002890}.Release|Any CPU.Build.0 = Release|Any CPU
	EndGlobalSection
	GlobalSection(SolutionProperties) = preSolution
		HideSolutionNode = FALSE
	EndGlobalSection
	GlobalSection(ExtensibilityGlobals) = postSolution
		SolutionGuid = {F14B0DA8-6A64-43B4-9623-7FD717C8AD85}
	EndGlobalSection
EndGlobal
