
Microsoft Visual Studio Solution File, Format Version 12.00
# Visual Studio Version 16
VisualStudioVersion = 16.0.31129.286
MinimumVisualStudioVersion = 10.0.40219.1
Project("{FAE04EC0-301F-11D3-BF4B-00C04F79EFBC}") = "Course", "Course\Course.csproj", "{441900E8-3A5C-45DF-B083-6F55FDB8648F}"
EndProject
Global
	GlobalSection(SolutionConfigurationPlatforms) = preSolution
		Debug|Any CPU = Debug|Any CPU
		Release|Any CPU = Release|Any CPU
	EndGlobalSection
	GlobalSection(ProjectConfigurationPlatforms) = postSolution
		{441900E8-3A5C-45DF-B083-6F55FDB8648F}.Debug|Any CPU.ActiveCfg = Debug|Any CPU
		{441900E8-3A5C-45DF-B083-6F55FDB8648F}.Debug|Any CPU.Build.0 = Debug|Any CPU
		{441900E8-3A5C-45DF-B083-6F55FDB8648F}.Release|Any CPU.ActiveCfg = Release|Any CPU
		{441900E8-3A5C-45DF-B083-6F55FDB8648F}.Release|Any CPU.Build.0 = Release|Any CPU
	EndGlobalSection
	GlobalSection(SolutionProperties) = preSolution
		HideSolutionNode = FALSE
	EndGlobalSection
	GlobalSection(ExtensibilityGlobals) = postSolution
		SolutionGuid = {56B864A6-E2B2-4152-90B3-A846342E7709}
	EndGlobalSection
EndGlobal
