
Microsoft Visual Studio Solution File, Format Version 12.00
# Visual Studio Version 16
VisualStudioVersion = 16.0.30907.101
MinimumVisualStudioVersion = 10.0.40219.1
Project("{FAE04EC0-301F-11D3-BF4B-00C04F79EFBC}") = "EmployeeRegister", "EmployeeRegister\EmployeeRegister.csproj", "{A070C838-6191-4501-B7E8-DFFA0AB84F81}"
EndProject
Global
	GlobalSection(SolutionConfigurationPlatforms) = preSolution
		Debug|Any CPU = Debug|Any CPU
		Release|Any CPU = Release|Any CPU
	EndGlobalSection
	GlobalSection(ProjectConfigurationPlatforms) = postSolution
		{A070C838-6191-4501-B7E8-DFFA0AB84F81}.Debug|Any CPU.ActiveCfg = Debug|Any CPU
		{A070C838-6191-4501-B7E8-DFFA0AB84F81}.Debug|Any CPU.Build.0 = Debug|Any CPU
		{A070C838-6191-4501-B7E8-DFFA0AB84F81}.Release|Any CPU.ActiveCfg = Release|Any CPU
		{A070C838-6191-4501-B7E8-DFFA0AB84F81}.Release|Any CPU.Build.0 = Release|Any CPU
	EndGlobalSection
	GlobalSection(SolutionProperties) = preSolution
		HideSolutionNode = FALSE
	EndGlobalSection
	GlobalSection(ExtensibilityGlobals) = postSolution
		SolutionGuid = {D72560C4-B821-44CA-9712-2A1C9B29AA40}
	EndGlobalSection
EndGlobal
