
Microsoft Visual Studio Solution File, Format Version 12.00
# Visual Studio Version 16
VisualStudioVersion = 16.0.30907.101
MinimumVisualStudioVersion = 10.0.40219.1
Project("{FAE04EC0-301F-11D3-BF4B-00C04F79EFBC}") = "Matriz", "Matriz\Matriz.csproj", "{026A7E0F-E68E-4268-A891-15EA9C5CFC7D}"
EndProject
Global
	GlobalSection(SolutionConfigurationPlatforms) = preSolution
		Debug|Any CPU = Debug|Any CPU
		Release|Any CPU = Release|Any CPU
	EndGlobalSection
	GlobalSection(ProjectConfigurationPlatforms) = postSolution
		{026A7E0F-E68E-4268-A891-15EA9C5CFC7D}.Debug|Any CPU.ActiveCfg = Debug|Any CPU
		{026A7E0F-E68E-4268-A891-15EA9C5CFC7D}.Debug|Any CPU.Build.0 = Debug|Any CPU
		{026A7E0F-E68E-4268-A891-15EA9C5CFC7D}.Release|Any CPU.ActiveCfg = Release|Any CPU
		{026A7E0F-E68E-4268-A891-15EA9C5CFC7D}.Release|Any CPU.Build.0 = Release|Any CPU
	EndGlobalSection
	GlobalSection(SolutionProperties) = preSolution
		HideSolutionNode = FALSE
	EndGlobalSection
	GlobalSection(ExtensibilityGlobals) = postSolution
		SolutionGuid = {7E26F62A-9CB7-41D0-B32D-69AFA2722532}
	EndGlobalSection
EndGlobal
