
Microsoft Visual Studio Solution File, Format Version 12.00
# Visual Studio Version 16
VisualStudioVersion = 16.0.30907.101
MinimumVisualStudioVersion = 10.0.40219.1
Project("{9A19103F-16F7-4668-BE54-9A1E7A4F7556}") = "TypeInference", "Course\TypeInference.csproj", "{15836774-87AC-483C-9835-715D6870A2CD}"
EndProject
Global
	GlobalSection(SolutionConfigurationPlatforms) = preSolution
		Debug|Any CPU = Debug|Any CPU
		Release|Any CPU = Release|Any CPU
	EndGlobalSection
	GlobalSection(ProjectConfigurationPlatforms) = postSolution
		{15836774-87AC-483C-9835-715D6870A2CD}.Debug|Any CPU.ActiveCfg = Debug|Any CPU
		{15836774-87AC-483C-9835-715D6870A2CD}.Debug|Any CPU.Build.0 = Debug|Any CPU
		{15836774-87AC-483C-9835-715D6870A2CD}.Release|Any CPU.ActiveCfg = Release|Any CPU
		{15836774-87AC-483C-9835-715D6870A2CD}.Release|Any CPU.Build.0 = Release|Any CPU
	EndGlobalSection
	GlobalSection(SolutionProperties) = preSolution
		HideSolutionNode = FALSE
	EndGlobalSection
	GlobalSection(ExtensibilityGlobals) = postSolution
		SolutionGuid = {03581B40-C4FB-4BC5-B391-B21A4F6344F2}
	EndGlobalSection
EndGlobal
