
Microsoft Visual Studio Solution File, Format Version 12.00
# Visual Studio Version 16
VisualStudioVersion = 16.0.30907.101
MinimumVisualStudioVersion = 10.0.40219.1
Project("{FAE04EC0-301F-11D3-BF4B-00C04F79EFBC}") = "CustomExenption", "CustomExenption\CustomExenption.csproj", "{30324291-29C2-4591-902F-37B98E04C402}"
EndProject
Global
	GlobalSection(SolutionConfigurationPlatforms) = preSolution
		Debug|Any CPU = Debug|Any CPU
		Release|Any CPU = Release|Any CPU
	EndGlobalSection
	GlobalSection(ProjectConfigurationPlatforms) = postSolution
		{30324291-29C2-4591-902F-37B98E04C402}.Debug|Any CPU.ActiveCfg = Debug|Any CPU
		{30324291-29C2-4591-902F-37B98E04C402}.Debug|Any CPU.Build.0 = Debug|Any CPU
		{30324291-29C2-4591-902F-37B98E04C402}.Release|Any CPU.ActiveCfg = Release|Any CPU
		{30324291-29C2-4591-902F-37B98E04C402}.Release|Any CPU.Build.0 = Release|Any CPU
	EndGlobalSection
	GlobalSection(SolutionProperties) = preSolution
		HideSolutionNode = FALSE
	EndGlobalSection
	GlobalSection(ExtensibilityGlobals) = postSolution
		SolutionGuid = {665439A0-8B61-430E-83A6-A484D3591503}
	EndGlobalSection
EndGlobal
