
Microsoft Visual Studio Solution File, Format Version 12.00
# Visual Studio Version 16
VisualStudioVersion = 16.0.30907.101
MinimumVisualStudioVersion = 10.0.40219.1
Project("{FAE04EC0-301F-11D3-BF4B-00C04F79EFBC}") = "Exercicio2", "Exercicio2\Exercicio2.csproj", "{A563B042-8AF8-4A4C-B4E0-BB09B97058D9}"
EndProject
Global
	GlobalSection(SolutionConfigurationPlatforms) = preSolution
		Debug|Any CPU = Debug|Any CPU
		Release|Any CPU = Release|Any CPU
	EndGlobalSection
	GlobalSection(ProjectConfigurationPlatforms) = postSolution
		{A563B042-8AF8-4A4C-B4E0-BB09B97058D9}.Debug|Any CPU.ActiveCfg = Debug|Any CPU
		{A563B042-8AF8-4A4C-B4E0-BB09B97058D9}.Debug|Any CPU.Build.0 = Debug|Any CPU
		{A563B042-8AF8-4A4C-B4E0-BB09B97058D9}.Release|Any CPU.ActiveCfg = Release|Any CPU
		{A563B042-8AF8-4A4C-B4E0-BB09B97058D9}.Release|Any CPU.Build.0 = Release|Any CPU
	EndGlobalSection
	GlobalSection(SolutionProperties) = preSolution
		HideSolutionNode = FALSE
	EndGlobalSection
	GlobalSection(ExtensibilityGlobals) = postSolution
		SolutionGuid = {88E2E1EC-0249-439A-92D6-32B8D41DF3AF}
	EndGlobalSection
EndGlobal
