
Microsoft Visual Studio Solution File, Format Version 12.00
# Visual Studio Version 16
VisualStudioVersion = 16.0.31515.178
MinimumVisualStudioVersion = 10.0.40219.1
Project("{FAE04EC0-301F-11D3-BF4B-00C04F79EFBC}") = "GenericsCourse", "GenericsCourse\GenericsCourse.csproj", "{D81D6738-EF2D-46C6-8C3A-55F8D54FF666}"
EndProject
Global
	GlobalSection(SolutionConfigurationPlatforms) = preSolution
		Debug|Any CPU = Debug|Any CPU
		Release|Any CPU = Release|Any CPU
	EndGlobalSection
	GlobalSection(ProjectConfigurationPlatforms) = postSolution
		{D81D6738-EF2D-46C6-8C3A-55F8D54FF666}.Debug|Any CPU.ActiveCfg = Debug|Any CPU
		{D81D6738-EF2D-46C6-8C3A-55F8D54FF666}.Debug|Any CPU.Build.0 = Debug|Any CPU
		{D81D6738-EF2D-46C6-8C3A-55F8D54FF666}.Release|Any CPU.ActiveCfg = Release|Any CPU
		{D81D6738-EF2D-46C6-8C3A-55F8D54FF666}.Release|Any CPU.Build.0 = Release|Any CPU
	EndGlobalSection
	GlobalSection(SolutionProperties) = preSolution
		HideSolutionNode = FALSE
	EndGlobalSection
	GlobalSection(ExtensibilityGlobals) = postSolution
		SolutionGuid = {4CF94769-8EC2-45AC-B657-4AACDD108E41}
	EndGlobalSection
EndGlobal
