
Microsoft Visual Studio Solution File, Format Version 12.00
# Visual Studio Version 16
VisualStudioVersion = 16.0.30907.101
MinimumVisualStudioVersion = 10.0.40219.1
Project("{FAE04EC0-301F-11D3-BF4B-00C04F79EFBC}") = "ProductManager", "ProductManager\ProductManager.csproj", "{AB52E347-EED5-44CA-A515-D561ADEDB8DE}"
EndProject
Global
	GlobalSection(SolutionConfigurationPlatforms) = preSolution
		Debug|Any CPU = Debug|Any CPU
		Release|Any CPU = Release|Any CPU
	EndGlobalSection
	GlobalSection(ProjectConfigurationPlatforms) = postSolution
		{AB52E347-EED5-44CA-A515-D561ADEDB8DE}.Debug|Any CPU.ActiveCfg = Debug|Any CPU
		{AB52E347-EED5-44CA-A515-D561ADEDB8DE}.Debug|Any CPU.Build.0 = Debug|Any CPU
		{AB52E347-EED5-44CA-A515-D561ADEDB8DE}.Release|Any CPU.ActiveCfg = Release|Any CPU
		{AB52E347-EED5-44CA-A515-D561ADEDB8DE}.Release|Any CPU.Build.0 = Release|Any CPU
	EndGlobalSection
	GlobalSection(SolutionProperties) = preSolution
		HideSolutionNode = FALSE
	EndGlobalSection
	GlobalSection(ExtensibilityGlobals) = postSolution
		SolutionGuid = {E553A1F5-BA72-4406-B007-670C0CC5996A}
	EndGlobalSection
EndGlobal
